
Microsoft Visual Studio Solution File, Format Version 12.00
# Visual Studio Version 16
VisualStudioVersion = 16.0.30517.126
MinimumVisualStudioVersion = 10.0.40219.1
Project("{FAE04EC0-301F-11D3-BF4B-00C04F79EFBC}") = "Vahid_Hajiyev_Percepteron_Laboratory_Work_1", "Vahid_Hajiyev_Percepteron_Laboratory_Work_1\Vahid_Hajiyev_Percepteron_Laboratory_Work_1.csproj", "{81883C77-8B94-475D-BE67-DB3B2391556E}"
EndProject
Global
	GlobalSection(SolutionConfigurationPlatforms) = preSolution
		Debug|Any CPU = Debug|Any CPU
		Release|Any CPU = Release|Any CPU
	EndGlobalSection
	GlobalSection(ProjectConfigurationPlatforms) = postSolution
		{81883C77-8B94-475D-BE67-DB3B2391556E}.Debug|Any CPU.ActiveCfg = Debug|Any CPU
		{81883C77-8B94-475D-BE67-DB3B2391556E}.Debug|Any CPU.Build.0 = Debug|Any CPU
		{81883C77-8B94-475D-BE67-DB3B2391556E}.Release|Any CPU.ActiveCfg = Release|Any CPU
		{81883C77-8B94-475D-BE67-DB3B2391556E}.Release|Any CPU.Build.0 = Release|Any CPU
	EndGlobalSection
	GlobalSection(SolutionProperties) = preSolution
		HideSolutionNode = FALSE
	EndGlobalSection
	GlobalSection(ExtensibilityGlobals) = postSolution
		SolutionGuid = {0974CC1D-E6F0-4DA6-9D0D-ABA9C36BA039}
	EndGlobalSection
EndGlobal
